
Microsoft Visual Studio Solution File, Format Version 12.00
# Visual Studio Version 16
VisualStudioVersion = 16.0.31313.79
MinimumVisualStudioVersion = 10.0.40219.1
Project("{FAE04EC0-301F-11D3-BF4B-00C04F79EFBC}") = "Cambios", "Cambios\Cambios.csproj", "{0B86E68F-71EB-4FD3-B1A8-33B0B90F3BE5}"
EndProject
Global
	GlobalSection(SolutionConfigurationPlatforms) = preSolution
		Debug|Any CPU = Debug|Any CPU
		Release|Any CPU = Release|Any CPU
	EndGlobalSection
	GlobalSection(ProjectConfigurationPlatforms) = postSolution
		{0B86E68F-71EB-4FD3-B1A8-33B0B90F3BE5}.Debug|Any CPU.ActiveCfg = Debug|Any CPU
		{0B86E68F-71EB-4FD3-B1A8-33B0B90F3BE5}.Debug|Any CPU.Build.0 = Debug|Any CPU
		{0B86E68F-71EB-4FD3-B1A8-33B0B90F3BE5}.Release|Any CPU.ActiveCfg = Release|Any CPU
		{0B86E68F-71EB-4FD3-B1A8-33B0B90F3BE5}.Release|Any CPU.Build.0 = Release|Any CPU
	EndGlobalSection
	GlobalSection(SolutionProperties) = preSolution
		HideSolutionNode = FALSE
	EndGlobalSection
	GlobalSection(ExtensibilityGlobals) = postSolution
		SolutionGuid = {B9D91A2D-FF9B-497B-9A21-3F45AE0904AA}
	EndGlobalSection
EndGlobal
